// !$*UTF8*$!
{
	archiveVersion = 1;
	classes = {
	};
	objectVersion = 50;
	objects = {

/* Begin PBXBuildFile section */
		04F0B5D5227FC48600A57A3A /* AppDelegate.swift in Sources */ = {isa = PBXBuildFile; fileRef = 04F0B5D4227FC48600A57A3A /* AppDelegate.swift */; };
		04F0B5D7227FC48600A57A3A /* ViewController.swift in Sources */ = {isa = PBXBuildFile; fileRef = 04F0B5D6227FC48600A57A3A /* ViewController.swift */; };
		04F0B5DA227FC48600A57A3A /* Main.storyboard in Resources */ = {isa = PBXBuildFile; fileRef = 04F0B5D8227FC48600A57A3A /* Main.storyboard */; };
		04F0B5DD227FC48600A57A3A /* Closure.xcdatamodeld in Sources */ = {isa = PBXBuildFile; fileRef = 04F0B5DB227FC48600A57A3A /* Closure.xcdatamodeld */; };
		04F0B5DF227FC48600A57A3A /* Assets.xcassets in Resources */ = {isa = PBXBuildFile; fileRef = 04F0B5DE227FC48600A57A3A /* Assets.xcassets */; };
		04F0B5E2227FC48600A57A3A /* LaunchScreen.storyboard in Resources */ = {isa = PBXBuildFile; fileRef = 04F0B5E0227FC48600A57A3A /* LaunchScreen.storyboard */; };
		04F0B5ED227FC48600A57A3A /* ClosureTests.swift in Sources */ = {isa = PBXBuildFile; fileRef = 04F0B5EC227FC48600A57A3A /* ClosureTests.swift */; };
		04F0B5F8227FC48700A57A3A /* ClosureUITests.swift in Sources */ = {isa = PBXBuildFile; fileRef = 04F0B5F7227FC48700A57A3A /* ClosureUITests.swift */; };
/* End PBXBuildFile section */

/* Begin PBXContainerItemProxy section */
		04F0B5E9227FC48600A57A3A /* PBXContainerItemProxy */ = {
			isa = PBXContainerItemProxy;
			containerPortal = 04F0B5C9227FC48500A57A3A /* Project object */;
			proxyType = 1;
			remoteGlobalIDString = 04F0B5D0227FC48600A57A3A;
			remoteInfo = Closure;
		};
		04F0B5F4227FC48700A57A3A /* PBXContainerItemProxy */ = {
			isa = PBXContainerItemProxy;
			containerPortal = 04F0B5C9227FC48500A57A3A /* Project object */;
			proxyType = 1;
			remoteGlobalIDString = 04F0B5D0227FC48600A57A3A;
			remoteInfo = Closure;
		};
/* End PBXContainerItemProxy section */

/* Begin PBXFileReference section */
		04F0B5D1227FC48600A57A3A /* Closure.app */ = {isa = PBXFileReference; explicitFileType = wrapper.application; includeInIndex = 0; path = Closure.app; sourceTree = BUILT_PRODUCTS_DIR; };
		04F0B5D4227FC48600A57A3A /* AppDelegate.swift */ = {isa = PBXFileReference; lastKnownFileType = sourcecode.swift; path = AppDelegate.swift; sourceTree = "<group>"; };
		04F0B5D6227FC48600A57A3A /* ViewController.swift */ = {isa = PBXFileReference; lastKnownFileType = sourcecode.swift; path = ViewController.swift; sourceTree = "<group>"; };
		04F0B5D9227FC48600A57A3A /* Base */ = {isa = PBXFileReference; lastKnownFileType = file.storyboard; name = Base; path = Base.lproj/Main.storyboard; sourceTree = "<group>"; };
		04F0B5DC227FC48600A57A3A /* Closure.xcdatamodel */ = {isa = PBXFileReference; lastKnownFileType = wrapper.xcdatamodel; path = Closure.xcdatamodel; sourceTree = "<group>"; };
		04F0B5DE227FC48600A57A3A /* Assets.xcassets */ = {isa = PBXFileReference; lastKnownFileType = folder.assetcatalog; path = Assets.xcassets; sourceTree = "<group>"; };
		04F0B5E1227FC48600A57A3A /* Base */ = {isa = PBXFileReference; lastKnownFileType = file.storyboard; name = Base; path = Base.lproj/LaunchScreen.storyboard; sourceTree = "<group>"; };
		04F0B5E3227FC48600A57A3A /* Info.plist */ = {isa = PBXFileReference; lastKnownFileType = text.plist.xml; path = Info.plist; sourceTree = "<group>"; };
		04F0B5E8227FC48600A57A3A /* ClosureTests.xctest */ = {isa = PBXFileReference; explicitFileType = wrapper.cfbundle; includeInIndex = 0; path = ClosureTests.xctest; sourceTree = BUILT_PRODUCTS_DIR; };
		04F0B5EC227FC48600A57A3A /* ClosureTests.swift */ = {isa = PBXFileReference; lastKnownFileType = sourcecode.swift; path = ClosureTests.swift; sourceTree = "<group>"; };
		04F0B5EE227FC48600A57A3A /* Info.plist */ = {isa = PBXFileReference; lastKnownFileType = text.plist.xml; path = Info.plist; sourceTree = "<group>"; };
		04F0B5F3227FC48700A57A3A /* ClosureUITests.xctest */ = {isa = PBXFileReference; explicitFileType = wrapper.cfbundle; includeInIndex = 0; path = ClosureUITests.xctest; sourceTree = BUILT_PRODUCTS_DIR; };
		04F0B5F7227FC48700A57A3A /* ClosureUITests.swift */ = {isa = PBXFileReference; lastKnownFileType = sourcecode.swift; path = ClosureUITests.swift; sourceTree = "<group>"; };
		04F0B5F9227FC48700A57A3A /* Info.plist */ = {isa = PBXFileReference; lastKnownFileType = text.plist.xml; path = Info.plist; sourceTree = "<group>"; };
/* End PBXFileReference section */

/* Begin PBXFrameworksBuildPhase section */
		04F0B5CE227FC48600A57A3A /* Frameworks */ = {
			isa = PBXFrameworksBuildPhase;
			buildActionMask = 2147483647;
			files = (
			);
			runOnlyForDeploymentPostprocessing = 0;
		};
		04F0B5E5227FC48600A57A3A /* Frameworks */ = {
			isa = PBXFrameworksBuildPhase;
			buildActionMask = 2147483647;
			files = (
			);
			runOnlyForDeploymentPostprocessing = 0;
		};
		04F0B5F0227FC48700A57A3A /* Frameworks */ = {
			isa = PBXFrameworksBuildPhase;
			buildActionMask = 2147483647;
			files = (
			);
			runOnlyForDeploymentPostprocessing = 0;
		};
/* End PBXFrameworksBuildPhase section */

/* Begin PBXGroup section */
		04F0B5C8227FC48500A57A3A = {
			isa = PBXGroup;
			children = (
				04F0B5D3227FC48600A57A3A /* Closure */,
				04F0B5EB227FC48600A57A3A /* ClosureTests */,
				04F0B5F6227FC48700A57A3A /* ClosureUITests */,
				04F0B5D2227FC48600A57A3A /* Products */,
			);
			sourceTree = "<group>";
		};
		04F0B5D2227FC48600A57A3A /* Products */ = {
			isa = PBXGroup;
			children = (
				04F0B5D1227FC48600A57A3A /* Closure.app */,
				04F0B5E8227FC48600A57A3A /* ClosureTests.xctest */,
				04F0B5F3227FC48700A57A3A /* ClosureUITests.xctest */,
			);
			name = Products;
			sourceTree = "<group>";
		};
		04F0B5D3227FC48600A57A3A /* Closure */ = {
			isa = PBXGroup;
			children = (
				04F0B5D4227FC48600A57A3A /* AppDelegate.swift */,
				04F0B5D6227FC48600A57A3A /* ViewController.swift */,
				04F0B5D8227FC48600A57A3A /* Main.storyboard */,
				04F0B5DE227FC48600A57A3A /* Assets.xcassets */,
				04F0B5E0227FC48600A57A3A /* LaunchScreen.storyboard */,
				04F0B5E3227FC48600A57A3A /* Info.plist */,
				04F0B5DB227FC48600A57A3A /* Closure.xcdatamodeld */,
			);
			path = Closure;
			sourceTree = "<group>";
		};
		04F0B5EB227FC48600A57A3A /* ClosureTests */ = {
			isa = PBXGroup;
			children = (
				04F0B5EC227FC48600A57A3A /* ClosureTests.swift */,
				04F0B5EE227FC48600A57A3A /* Info.plist */,
			);
			path = ClosureTests;
			sourceTree = "<group>";
		};
		04F0B5F6227FC48700A57A3A /* ClosureUITests */ = {
			isa = PBXGroup;
			children = (
				04F0B5F7227FC48700A57A3A /* ClosureUITests.swift */,
				04F0B5F9227FC48700A57A3A /* Info.plist */,
			);
			path = ClosureUITests;
			sourceTree = "<group>";
		};
/* End PBXGroup section */

/* Begin PBXNativeTarget section */
		04F0B5D0227FC48600A57A3A /* Closure */ = {
			isa = PBXNativeTarget;
			buildConfigurationList = 04F0B5FC227FC48700A57A3A /* Build configuration list for PBXNativeTarget "Closure" */;
			buildPhases = (
				04F0B5CD227FC48600A57A3A /* Sources */,
				04F0B5CE227FC48600A57A3A /* Frameworks */,
				04F0B5CF227FC48600A57A3A /* Resources */,
			);
			buildRules = (
			);
			dependencies = (
			);
			name = Closure;
			productName = Closure;
			productReference = 04F0B5D1227FC48600A57A3A /* Closure.app */;
			productType = "com.apple.product-type.application";
		};
		04F0B5E7227FC48600A57A3A /* ClosureTests */ = {
			isa = PBXNativeTarget;
			buildConfigurationList = 04F0B5FF227FC48700A57A3A /* Build configuration list for PBXNativeTarget "ClosureTests" */;
			buildPhases = (
				04F0B5E4227FC48600A57A3A /* Sources */,
				04F0B5E5227FC48600A57A3A /* Frameworks */,
				04F0B5E6227FC48600A57A3A /* Resources */,
			);
			buildRules = (
			);
			dependencies = (
				04F0B5EA227FC48600A57A3A /* PBXTargetDependency */,
			);
			name = ClosureTests;
			productName = ClosureTests;
			productReference = 04F0B5E8227FC48600A57A3A /* ClosureTests.xctest */;
			productType = "com.apple.product-type.bundle.unit-test";
		};
		04F0B5F2227FC48700A57A3A /* ClosureUITests */ = {
			isa = PBXNativeTarget;
			buildConfigurationList = 04F0B602227FC48700A57A3A /* Build configuration list for PBXNativeTarget "ClosureUITests" */;
			buildPhases = (
				04F0B5EF227FC48700A57A3A /* Sources */,
				04F0B5F0227FC48700A57A3A /* Frameworks */,
				04F0B5F1227FC48700A57A3A /* Resources */,
			);
			buildRules = (
			);
			dependencies = (
				04F0B5F5227FC48700A57A3A /* PBXTargetDependency */,
			);
			name = ClosureUITests;
			productName = ClosureUITests;
			productReference = 04F0B5F3227FC48700A57A3A /* ClosureUITests.xctest */;
			productType = "com.apple.product-type.bundle.ui-testing";
		};
/* End PBXNativeTarget section */

/* Begin PBXProject section */
		04F0B5C9227FC48500A57A3A /* Project object */ = {
			isa = PBXProject;
			attributes = {
				LastSwiftUpdateCheck = 1010;
				LastUpgradeCheck = 1010;
				ORGANIZATIONNAME = mac;
				TargetAttributes = {
					04F0B5D0227FC48600A57A3A = {
						CreatedOnToolsVersion = 10.1;
					};
					04F0B5E7227FC48600A57A3A = {
						CreatedOnToolsVersion = 10.1;
						TestTargetID = 04F0B5D0227FC48600A57A3A;
					};
					04F0B5F2227FC48700A57A3A = {
						CreatedOnToolsVersion = 10.1;
						TestTargetID = 04F0B5D0227FC48600A57A3A;
					};
				};
			};
			buildConfigurationList = 04F0B5CC227FC48500A57A3A /* Build configuration list for PBXProject "Closure" */;
			compatibilityVersion = "Xcode 9.3";
			developmentRegion = en;
			hasScannedForEncodings = 0;
			knownRegions = (
				en,
				Base,
			);
			mainGroup = 04F0B5C8227FC48500A57A3A;
			productRefGroup = 04F0B5D2227FC48600A57A3A /* Products */;
			projectDirPath = "";
			projectRoot = "";
			targets = (
				04F0B5D0227FC48600A57A3A /* Closure */,
				04F0B5E7227FC48600A57A3A /* ClosureTests */,
				04F0B5F2227FC48700A57A3A /* ClosureUITests */,
			);
		};
/* End PBXProject section */

/* Begin PBXResourcesBuildPhase section */
		04F0B5CF227FC48600A57A3A /* Resources */ = {
			isa = PBXResourcesBuildPhase;
			buildActionMask = 2147483647;
			files = (
				04F0B5E2227FC48600A57A3A /* LaunchScreen.storyboard in Resources */,
				04F0B5DF227FC48600A57A3A /* Assets.xcassets in Resources */,
				04F0B5DA227FC48600A57A3A /* Main.storyboard in Resources */,
			);
			runOnlyForDeploymentPostprocessing = 0;
		};
		04F0B5E6227FC48600A57A3A /* Resources */ = {
			isa = PBXResourcesBuildPhase;
			buildActionMask = 2147483647;
			files = (
			);
			runOnlyForDeploymentPostprocessing = 0;
		};
		04F0B5F1227FC48700A57A3A /* Resources */ = {
			isa = PBXResourcesBuildPhase;
			buildActionMask = 2147483647;
			files = (
			);
			runOnlyForDeploymentPostprocessing = 0;
		};
/* End PBXResourcesBuildPhase section */

/* Begin PBXSourcesBuildPhase section */
		04F0B5CD227FC48600A57A3A /* Sources */ = {
			isa = PBXSourcesBuildPhase;
			buildActionMask = 2147483647;
			files = (
				04F0B5D7227FC48600A57A3A /* ViewController.swift in Sources */,
				04F0B5DD227FC48600A57A3A /* Closure.xcdatamodeld in Sources */,
				04F0B5D5227FC48600A57A3A /* AppDelegate.swift in Sources */,
			);
			runOnlyForDeploymentPostprocessing = 0;
		};
		04F0B5E4227FC48600A57A3A /* Sources */ = {
			isa = PBXSourcesBuildPhase;
			buildActionMask = 2147483647;
			files = (
				04F0B5ED227FC48600A57A3A /* ClosureTests.swift in Sources */,
			);
			runOnlyForDeploymentPostprocessing = 0;
		};
		04F0B5EF227FC48700A57A3A /* Sources */ = {
			isa = PBXSourcesBuildPhase;
			buildActionMask = 2147483647;
			files = (
				04F0B5F8227FC48700A57A3A /* ClosureUITests.swift in Sources */,
			);
			runOnlyForDeploymentPostprocessing = 0;
		};
/* End PBXSourcesBuildPhase section */

/* Begin PBXTargetDependency section */
		04F0B5EA227FC48600A57A3A /* PBXTargetDependency */ = {
			isa = PBXTargetDependency;
			target = 04F0B5D0227FC48600A57A3A /* Closure */;
			targetProxy = 04F0B5E9227FC48600A57A3A /* PBXContainerItemProxy */;
		};
		04F0B5F5227FC48700A57A3A /* PBXTargetDependency */ = {
			isa = PBXTargetDependency;
			target = 04F0B5D0227FC48600A57A3A /* Closure */;
			targetProxy = 04F0B5F4227FC48700A57A3A /* PBXContainerItemProxy */;
		};
/* End PBXTargetDependency section */

/* Begin PBXVariantGroup section */
		04F0B5D8227FC48600A57A3A /* Main.storyboard */ = {
			isa = PBXVariantGroup;
			children = (
				04F0B5D9227FC48600A57A3A /* Base */,
			);
			name = Main.storyboard;
			sourceTree = "<group>";
		};
		04F0B5E0227FC48600A57A3A /* LaunchScreen.storyboard */ = {
			isa = PBXVariantGroup;
			children = (
				04F0B5E1227FC48600A57A3A /* Base */,
			);
			name = LaunchScreen.storyboard;
			sourceTree = "<group>";
		};
/* End PBXVariantGroup section */

/* Begin XCBuildConfiguration section */
		04F0B5FA227FC48700A57A3A /* Debug */ = {
			isa = XCBuildConfiguration;
			buildSettings = {
				ALWAYS_SEARCH_USER_PATHS = NO;
				CLANG_ANALYZER_NONNULL = YES;
				CLANG_ANALYZER_NUMBER_OBJECT_CONVERSION = YES_AGGRESSIVE;
				CLANG_CXX_LANGUAGE_STANDARD = "gnu++14";
				CLANG_CXX_LIBRARY = "libc++";
				CLANG_ENABLE_MODULES = YES;
				CLANG_ENABLE_OBJC_ARC = YES;
				CLANG_ENABLE_OBJC_WEAK = YES;
				CLANG_WARN_BLOCK_CAPTURE_AUTORELEASING = YES;
				CLANG_WARN_BOOL_CONVERSION = YES;
				CLANG_WARN_COMMA = YES;
				CLANG_WARN_CONSTANT_CONVERSION = YES;
				CLANG_WARN_DEPRECATED_OBJC_IMPLEMENTATIONS = YES;
				CLANG_WARN_DIRECT_OBJC_ISA_USAGE = YES_ERROR;
				CLANG_WARN_DOCUMENTATION_COMMENTS = YES;
				CLANG_WARN_EMPTY_BODY = YES;
				CLANG_WARN_ENUM_CONVERSION = YES;
				CLANG_WARN_INFINITE_RECURSION = YES;
				CLANG_WARN_INT_CONVERSION = YES;
				CLANG_WARN_NON_LITERAL_NULL_CONVERSION = YES;
				CLANG_WARN_OBJC_IMPLICIT_RETAIN_SELF = YES;
				CLANG_WARN_OBJC_LITERAL_CONVERSION = YES;
				CLANG_WARN_OBJC_ROOT_CLASS = YES_ERROR;
				CLANG_WARN_RANGE_LOOP_ANALYSIS = YES;
				CLANG_WARN_STRICT_PROTOTYPES = YES;
				CLANG_WARN_SUSPICIOUS_MOVE = YES;
				CLANG_WARN_UNGUARDED_AVAILABILITY = YES_AGGRESSIVE;
				CLANG_WARN_UNREACHABLE_CODE = YES;
				CLANG_WARN__DUPLICATE_METHOD_MATCH = YES;
				CODE_SIGN_IDENTITY = "iPhone Developer";
				COPY_PHASE_STRIP = NO;
				DEBUG_INFORMATION_FORMAT = dwarf;
				ENABLE_STRICT_OBJC_MSGSEND = YES;
				ENABLE_TESTABILITY = YES;
				GCC_C_LANGUAGE_STANDARD = gnu11;
				GCC_DYNAMIC_NO_PIC = NO;
				GCC_NO_COMMON_BLOCKS = YES;
				GCC_OPTIMIZATION_LEVEL = 0;
				GCC_PREPROCESSOR_DEFINITIONS = (
					"DEBUG=1",
					"$(inherited)",
				);
				GCC_WARN_64_TO_32_BIT_CONVERSION = YES;
				GCC_WARN_ABOUT_RETURN_TYPE = YES_ERROR;
				GCC_WARN_UNDECLARED_SELECTOR = YES;
				GCC_WARN_UNINITIALIZED_AUTOS = YES_AGGRESSIVE;
				GCC_WARN_UNUSED_FUNCTION = YES;
				GCC_WARN_UNUSED_VARIABLE = YES;
				IPHONEOS_DEPLOYMENT_TARGET = 12.1;
				MTL_ENABLE_DEBUG_INFO = INCLUDE_SOURCE;
				MTL_FAST_MATH = YES;
				ONLY_ACTIVE_ARCH = YES;
				SDKROOT = iphoneos;
				SWIFT_ACTIVE_COMPILATION_CONDITIONS = DEBUG;
				SWIFT_OPTIMIZATION_LEVEL = "-Onone";
			};
			name = Debug;
		};
		04F0B5FB227FC48700A57A3A /* Release */ = {
			isa = XCBuildConfiguration;
			buildSettings = {
				ALWAYS_SEARCH_USER_PATHS = NO;
				CLANG_ANALYZER_NONNULL = YES;
				CLANG_ANALYZER_NUMBER_OBJECT_CONVERSION = YES_AGGRESSIVE;
				CLANG_CXX_LANGUAGE_STANDARD = "gnu++14";
				CLANG_CXX_LIBRARY = "libc++";
				CLANG_ENABLE_MODULES = YES;
				CLANG_ENABLE_OBJC_ARC = YES;
				CLANG_ENABLE_OBJC_WEAK = YES;
				CLANG_WARN_BLOCK_CAPTURE_AUTORELEASING = YES;
				CLANG_WARN_BOOL_CONVERSION = YES;
				CLANG_WARN_COMMA = YES;
				CLANG_WARN_CONSTANT_CONVERSION = YES;
				CLANG_WARN_DEPRECATED_OBJC_IMPLEMENTATIONS = YES;
				CLANG_WARN_DIRECT_OBJC_ISA_USAGE = YES_ERROR;
				CLANG_WARN_DOCUMENTATION_COMMENTS = YES;
				CLANG_WARN_EMPTY_BODY = YES;
				CLANG_WARN_ENUM_CONVERSION = YES;
				CLANG_WARN_INFINITE_RECURSION = YES;
				CLANG_WARN_INT_CONVERSION = YES;
				CLANG_WARN_NON_LITERAL_NULL_CONVERSION = YES;
				CLANG_WARN_OBJC_IMPLICIT_RETAIN_SELF = YES;
				CLANG_WARN_OBJC_LITERAL_CONVERSION = YES;
				CLANG_WARN_OBJC_ROOT_CLASS = YES_ERROR;
				CLANG_WARN_RANGE_LOOP_ANALYSIS = YES;
				CLANG_WARN_STRICT_PROTOTYPES = YES;
				CLANG_WARN_SUSPICIOUS_MOVE = YES;
				CLANG_WARN_UNGUARDED_AVAILABILITY = YES_AGGRESSIVE;
				CLANG_WARN_UNREACHABLE_CODE = YES;
				CLANG_WARN__DUPLICATE_METHOD_MATCH = YES;
				CODE_SIGN_IDENTITY = "iPhone Developer";
				COPY_PHASE_STRIP = NO;
				DEBUG_INFORMATION_FORMAT = "dwarf-with-dsym";
				ENABLE_NS_ASSERTIONS = NO;
				ENABLE_STRICT_OBJC_MSGSEND = YES;
				GCC_C_LANGUAGE_STANDARD = gnu11;
				GCC_NO_COMMON_BLOCKS = YES;
				GCC_WARN_64_TO_32_BIT_CONVERSION = YES;
				GCC_WARN_ABOUT_RETURN_TYPE = YES_ERROR;
				GCC_WARN_UNDECLARED_SELECTOR = YES;
				GCC_WARN_UNINITIALIZED_AUTOS = YES_AGGRESSIVE;
				GCC_WARN_UNUSED_FUNCTION = YES;
				GCC_WARN_UNUSED_VARIABLE = YES;
				IPHONEOS_DEPLOYMENT_TARGET = 12.1;
				MTL_ENABLE_DEBUG_INFO = NO;
				MTL_FAST_MATH = YES;
				SDKROOT = iphoneos;
				SWIFT_COMPILATION_MODE = wholemodule;
				SWIFT_OPTIMIZATION_LEVEL = "-O";
				VALIDATE_PRODUCT = YES;
			};
			name = Release;
		};
		04F0B5FD227FC48700A57A3A /* Debug */ = {
			isa = XCBuildConfiguration;
			buildSettings = {
				ASSETCATALOG_COMPILER_APPICON_NAME = AppIcon;
				CODE_SIGN_STYLE = Automatic;
				INFOPLIST_FILE = Closure/Info.plist;
				LD_RUNPATH_SEARCH_PATHS = (
					"$(inherited)",
					"@executable_path/Frameworks",
				);
				PRODUCT_BUNDLE_IDENTIFIER = com.test.test.Closure;
				PRODUCT_NAME = "$(TARGET_NAME)";
				SWIFT_VERSION = 4.2;
				TARGETED_DEVICE_FAMILY = "1,2";
			};
			name = Debug;
		};
		04F0B5FE227FC48700A57A3A /* Release */ = {
			isa = XCBuildConfiguration;
			buildSettings = {
				ASSETCATALOG_COMPILER_APPICON_NAME = AppIcon;
				CODE_SIGN_STYLE = Automatic;
				INFOPLIST_FILE = Closure/Info.plist;
				LD_RUNPATH_SEARCH_PATHS = (
					"$(inherited)",
					"@executable_path/Frameworks",
				);
				PRODUCT_BUNDLE_IDENTIFIER = com.test.test.Closure;
				PRODUCT_NAME = "$(TARGET_NAME)";
				SWIFT_VERSION = 4.2;
				TARGETED_DEVICE_FAMILY = "1,2";
			};
			name = Release;
		};
		04F0B600227FC48700A57A3A /* Debug */ = {
			isa = XCBuildConfiguration;
			buildSettings = {
				ALWAYS_EMBED_SWIFT_STANDARD_LIBRARIES = YES;
				BUNDLE_LOADER = "$(TEST_HOST)";
				CODE_SIGN_STYLE = Automatic;
				INFOPLIST_FILE = ClosureTests/Info.plist;
				LD_RUNPATH_SEARCH_PATHS = (
					"$(inherited)",
					"@executable_path/Frameworks",
					"@loader_path/Frameworks",
				);
				PRODUCT_BUNDLE_IDENTIFIER = com.test.test.ClosureTests;
				PRODUCT_NAME = "$(TARGET_NAME)";
				SWIFT_VERSION = 4.2;
				TARGETED_DEVICE_FAMILY = "1,2";
				TEST_HOST = "$(BUILT_PRODUCTS_DIR)/Closure.app/Closure";
			};
			name = Debug;
		};
		04F0B601227FC48700A57A3A /* Release */ = {
			isa = XCBuildConfiguration;
			buildSettings = {
				ALWAYS_EMBED_SWIFT_STANDARD_LIBRARIES = YES;
				BUNDLE_LOADER = "$(TEST_HOST)";
				CODE_SIGN_STYLE = Automatic;
				INFOPLIST_FILE = ClosureTests/Info.plist;
				LD_RUNPATH_SEARCH_PATHS = (
					"$(inherited)",
					"@executable_path/Frameworks",
					"@loader_path/Frameworks",
				);
				PRODUCT_BUNDLE_IDENTIFIER = com.test.test.ClosureTests;
				PRODUCT_NAME = "$(TARGET_NAME)";
				SWIFT_VERSION = 4.2;
				TARGETED_DEVICE_FAMILY = "1,2";
				TEST_HOST = "$(BUILT_PRODUCTS_DIR)/Closure.app/Closure";
			};
			name = Release;
		};
		04F0B603227FC48700A57A3A /* Debug */ = {
			isa = XCBuildConfiguration;
			buildSettings = {
				ALWAYS_EMBED_SWIFT_STANDARD_LIBRARIES = YES;
				CODE_SIGN_STYLE = Automatic;
				INFOPLIST_FILE = ClosureUITests/Info.plist;
				LD_RUNPATH_SEARCH_PATHS = (
					"$(inherited)",
					"@executable_path/Frameworks",
					"@loader_path/Frameworks",
				);
				PRODUCT_BUNDLE_IDENTIFIER = com.test.test.ClosureUITests;
				PRODUCT_NAME = "$(TARGET_NAME)";
				SWIFT_VERSION = 4.2;
				TARGETED_DEVICE_FAMILY = "1,2";
				TEST_TARGET_NAME = Closure;
			};
			name = Debug;
		};
		04F0B604227FC48700A57A3A /* Release */ = {
			isa = XCBuildConfiguration;
			buildSettings = {
				ALWAYS_EMBED_SWIFT_STANDARD_LIBRARIES = YES;
				CODE_SIGN_STYLE = Automatic;
				INFOPLIST_FILE = ClosureUITests/Info.plist;
				LD_RUNPATH_SEARCH_PATHS = (
					"$(inherited)",
					"@executable_path/Frameworks",
					"@loader_path/Frameworks",
				);
				PRODUCT_BUNDLE_IDENTIFIER = com.test.test.ClosureUITests;
				PRODUCT_NAME = "$(TARGET_NAME)";
				SWIFT_VERSION = 4.2;
				TARGETED_DEVICE_FAMILY = "1,2";
				TEST_TARGET_NAME = Closure;
			};
			name = Release;
		};
/* End XCBuildConfiguration section */

/* Begin XCConfigurationList section */
		04F0B5CC227FC48500A57A3A /* Build configuration list for PBXProject "Closure" */ = {
			isa = XCConfigurationList;
			buildConfigurations = (
				04F0B5FA227FC48700A57A3A /* Debug */,
				04F0B5FB227FC48700A57A3A /* Release */,
			);
			defaultConfigurationIsVisible = 0;
			defaultConfigurationName = Release;
		};
		04F0B5FC227FC48700A57A3A /* Build configuration list for PBXNativeTarget "Closure" */ = {
			isa = XCConfigurationList;
			buildConfigurations = (
				04F0B5FD227FC48700A57A3A /* Debug */,
				04F0B5FE227FC48700A57A3A /* Release */,
			);
			defaultConfigurationIsVisible = 0;
			defaultConfigurationName = Release;
		};
		04F0B5FF227FC48700A57A3A /* Build configuration list for PBXNativeTarget "ClosureTests" */ = {
			isa = XCConfigurationList;
			buildConfigurations = (
				04F0B600227FC48700A57A3A /* Debug */,
				04F0B601227FC48700A57A3A /* Release */,
			);
			defaultConfigurationIsVisible = 0;
			defaultConfigurationName = Release;
		};
		04F0B602227FC48700A57A3A /* Build configuration list for PBXNativeTarget "ClosureUITests" */ = {
			isa = XCConfigurationList;
			buildConfigurations = (
				04F0B603227FC48700A57A3A /* Debug */,
				04F0B604227FC48700A57A3A /* Release */,
			);
			defaultConfigurationIsVisible = 0;
			defaultConfigurationName = Release;
		};
/* End XCConfigurationList section */

/* Begin XCVersionGroup section */
		04F0B5DB227FC48600A57A3A /* Closure.xcdatamodeld */ = {
			isa = XCVersionGroup;
			children = (
				04F0B5DC227FC48600A57A3A /* Closure.xcdatamodel */,
			);
			currentVersion = 04F0B5DC227FC48600A57A3A /* Closure.xcdatamodel */;
			path = Closure.xcdatamodeld;
			sourceTree = "<group>";
			versionGroupType = wrapper.xcdatamodel;
		};
/* End XCVersionGroup section */
	};
	rootObject = 04F0B5C9227FC48500A57A3A /* Project object */;
}
