// !$*UTF8*$!
{
	archiveVersion = 1;
	classes = {
	};
	objectVersion = 50;
	objects = {

/* Begin PBXBuildFile section */
		046DD9E022718D35008ABD69 /* AppDelegate.swift in Sources */ = {isa = PBXBuildFile; fileRef = 046DD9DF22718D35008ABD69 /* AppDelegate.swift */; };
		046DD9E222718D35008ABD69 /* ViewController.swift in Sources */ = {isa = PBXBuildFile; fileRef = 046DD9E122718D35008ABD69 /* ViewController.swift */; };
		046DD9E522718D35008ABD69 /* Main.storyboard in Resources */ = {isa = PBXBuildFile; fileRef = 046DD9E322718D35008ABD69 /* Main.storyboard */; };
		046DD9E822718D35008ABD69 /* ___.xcdatamodeld in Sources */ = {isa = PBXBuildFile; fileRef = 046DD9E622718D35008ABD69 /* ___.xcdatamodeld */; };
		046DD9EA22718D36008ABD69 /* Assets.xcassets in Resources */ = {isa = PBXBuildFile; fileRef = 046DD9E922718D36008ABD69 /* Assets.xcassets */; };
		046DD9ED22718D36008ABD69 /* LaunchScreen.storyboard in Resources */ = {isa = PBXBuildFile; fileRef = 046DD9EB22718D36008ABD69 /* LaunchScreen.storyboard */; };
		046DD9F822718D36008ABD69 /* ___Tests.swift in Sources */ = {isa = PBXBuildFile; fileRef = 046DD9F722718D36008ABD69 /* ___Tests.swift */; };
		046DDA0322718D37008ABD69 /* ___UITests.swift in Sources */ = {isa = PBXBuildFile; fileRef = 046DDA0222718D37008ABD69 /* ___UITests.swift */; };
/* End PBXBuildFile section */

/* Begin PBXContainerItemProxy section */
		046DD9F422718D36008ABD69 /* PBXContainerItemProxy */ = {
			isa = PBXContainerItemProxy;
			containerPortal = 046DD9D422718D35008ABD69 /* Project object */;
			proxyType = 1;
			remoteGlobalIDString = 046DD9DB22718D35008ABD69;
			remoteInfo = "字面量";
		};
		046DD9FF22718D37008ABD69 /* PBXContainerItemProxy */ = {
			isa = PBXContainerItemProxy;
			containerPortal = 046DD9D422718D35008ABD69 /* Project object */;
			proxyType = 1;
			remoteGlobalIDString = 046DD9DB22718D35008ABD69;
			remoteInfo = "字面量";
		};
/* End PBXContainerItemProxy section */

/* Begin PBXFileReference section */
		046DD9DC22718D35008ABD69 /* 字面量.app */ = {isa = PBXFileReference; explicitFileType = wrapper.application; includeInIndex = 0; path = "字面量.app"; sourceTree = BUILT_PRODUCTS_DIR; };
		046DD9DF22718D35008ABD69 /* AppDelegate.swift */ = {isa = PBXFileReference; lastKnownFileType = sourcecode.swift; path = AppDelegate.swift; sourceTree = "<group>"; };
		046DD9E122718D35008ABD69 /* ViewController.swift */ = {isa = PBXFileReference; lastKnownFileType = sourcecode.swift; path = ViewController.swift; sourceTree = "<group>"; };
		046DD9E422718D35008ABD69 /* Base */ = {isa = PBXFileReference; lastKnownFileType = file.storyboard; name = Base; path = Base.lproj/Main.storyboard; sourceTree = "<group>"; };
		046DD9E722718D35008ABD69 /* ___.xcdatamodel */ = {isa = PBXFileReference; lastKnownFileType = wrapper.xcdatamodel; path = "___.xcdatamodel"; sourceTree = "<group>"; };
		046DD9E922718D36008ABD69 /* Assets.xcassets */ = {isa = PBXFileReference; lastKnownFileType = folder.assetcatalog; path = Assets.xcassets; sourceTree = "<group>"; };
		046DD9EC22718D36008ABD69 /* Base */ = {isa = PBXFileReference; lastKnownFileType = file.storyboard; name = Base; path = Base.lproj/LaunchScreen.storyboard; sourceTree = "<group>"; };
		046DD9EE22718D36008ABD69 /* Info.plist */ = {isa = PBXFileReference; lastKnownFileType = text.plist.xml; path = Info.plist; sourceTree = "<group>"; };
		046DD9F322718D36008ABD69 /* 字面量Tests.xctest */ = {isa = PBXFileReference; explicitFileType = wrapper.cfbundle; includeInIndex = 0; path = "字面量Tests.xctest"; sourceTree = BUILT_PRODUCTS_DIR; };
		046DD9F722718D36008ABD69 /* ___Tests.swift */ = {isa = PBXFileReference; lastKnownFileType = sourcecode.swift; path = "___Tests.swift"; sourceTree = "<group>"; };
		046DD9F922718D36008ABD69 /* Info.plist */ = {isa = PBXFileReference; lastKnownFileType = text.plist.xml; path = Info.plist; sourceTree = "<group>"; };
		046DD9FE22718D36008ABD69 /* 字面量UITests.xctest */ = {isa = PBXFileReference; explicitFileType = wrapper.cfbundle; includeInIndex = 0; path = "字面量UITests.xctest"; sourceTree = BUILT_PRODUCTS_DIR; };
		046DDA0222718D37008ABD69 /* ___UITests.swift */ = {isa = PBXFileReference; lastKnownFileType = sourcecode.swift; path = "___UITests.swift"; sourceTree = "<group>"; };
		046DDA0422718D37008ABD69 /* Info.plist */ = {isa = PBXFileReference; lastKnownFileType = text.plist.xml; path = Info.plist; sourceTree = "<group>"; };
/* End PBXFileReference section */

/* Begin PBXFrameworksBuildPhase section */
		046DD9D922718D35008ABD69 /* Frameworks */ = {
			isa = PBXFrameworksBuildPhase;
			buildActionMask = 2147483647;
			files = (
			);
			runOnlyForDeploymentPostprocessing = 0;
		};
		046DD9F022718D36008ABD69 /* Frameworks */ = {
			isa = PBXFrameworksBuildPhase;
			buildActionMask = 2147483647;
			files = (
			);
			runOnlyForDeploymentPostprocessing = 0;
		};
		046DD9FB22718D36008ABD69 /* Frameworks */ = {
			isa = PBXFrameworksBuildPhase;
			buildActionMask = 2147483647;
			files = (
			);
			runOnlyForDeploymentPostprocessing = 0;
		};
/* End PBXFrameworksBuildPhase section */

/* Begin PBXGroup section */
		046DD9D322718D35008ABD69 = {
			isa = PBXGroup;
			children = (
				046DD9DE22718D35008ABD69 /* 字面量 */,
				046DD9F622718D36008ABD69 /* 字面量Tests */,
				046DDA0122718D37008ABD69 /* 字面量UITests */,
				046DD9DD22718D35008ABD69 /* Products */,
			);
			sourceTree = "<group>";
		};
		046DD9DD22718D35008ABD69 /* Products */ = {
			isa = PBXGroup;
			children = (
				046DD9DC22718D35008ABD69 /* 字面量.app */,
				046DD9F322718D36008ABD69 /* 字面量Tests.xctest */,
				046DD9FE22718D36008ABD69 /* 字面量UITests.xctest */,
			);
			name = Products;
			sourceTree = "<group>";
		};
		046DD9DE22718D35008ABD69 /* 字面量 */ = {
			isa = PBXGroup;
			children = (
				046DD9DF22718D35008ABD69 /* AppDelegate.swift */,
				046DD9E122718D35008ABD69 /* ViewController.swift */,
				046DD9E322718D35008ABD69 /* Main.storyboard */,
				046DD9E922718D36008ABD69 /* Assets.xcassets */,
				046DD9EB22718D36008ABD69 /* LaunchScreen.storyboard */,
				046DD9EE22718D36008ABD69 /* Info.plist */,
				046DD9E622718D35008ABD69 /* ___.xcdatamodeld */,
			);
			path = "字面量";
			sourceTree = "<group>";
		};
		046DD9F622718D36008ABD69 /* 字面量Tests */ = {
			isa = PBXGroup;
			children = (
				046DD9F722718D36008ABD69 /* ___Tests.swift */,
				046DD9F922718D36008ABD69 /* Info.plist */,
			);
			path = "字面量Tests";
			sourceTree = "<group>";
		};
		046DDA0122718D37008ABD69 /* 字面量UITests */ = {
			isa = PBXGroup;
			children = (
				046DDA0222718D37008ABD69 /* ___UITests.swift */,
				046DDA0422718D37008ABD69 /* Info.plist */,
			);
			path = "字面量UITests";
			sourceTree = "<group>";
		};
/* End PBXGroup section */

/* Begin PBXNativeTarget section */
		046DD9DB22718D35008ABD69 /* 字面量 */ = {
			isa = PBXNativeTarget;
			buildConfigurationList = 046DDA0722718D37008ABD69 /* Build configuration list for PBXNativeTarget "字面量" */;
			buildPhases = (
				046DD9D822718D35008ABD69 /* Sources */,
				046DD9D922718D35008ABD69 /* Frameworks */,
				046DD9DA22718D35008ABD69 /* Resources */,
			);
			buildRules = (
			);
			dependencies = (
			);
			name = "字面量";
			productName = "字面量";
			productReference = 046DD9DC22718D35008ABD69 /* 字面量.app */;
			productType = "com.apple.product-type.application";
		};
		046DD9F222718D36008ABD69 /* 字面量Tests */ = {
			isa = PBXNativeTarget;
			buildConfigurationList = 046DDA0A22718D37008ABD69 /* Build configuration list for PBXNativeTarget "字面量Tests" */;
			buildPhases = (
				046DD9EF22718D36008ABD69 /* Sources */,
				046DD9F022718D36008ABD69 /* Frameworks */,
				046DD9F122718D36008ABD69 /* Resources */,
			);
			buildRules = (
			);
			dependencies = (
				046DD9F522718D36008ABD69 /* PBXTargetDependency */,
			);
			name = "字面量Tests";
			productName = "字面量Tests";
			productReference = 046DD9F322718D36008ABD69 /* 字面量Tests.xctest */;
			productType = "com.apple.product-type.bundle.unit-test";
		};
		046DD9FD22718D36008ABD69 /* 字面量UITests */ = {
			isa = PBXNativeTarget;
			buildConfigurationList = 046DDA0D22718D37008ABD69 /* Build configuration list for PBXNativeTarget "字面量UITests" */;
			buildPhases = (
				046DD9FA22718D36008ABD69 /* Sources */,
				046DD9FB22718D36008ABD69 /* Frameworks */,
				046DD9FC22718D36008ABD69 /* Resources */,
			);
			buildRules = (
			);
			dependencies = (
				046DDA0022718D37008ABD69 /* PBXTargetDependency */,
			);
			name = "字面量UITests";
			productName = "字面量UITests";
			productReference = 046DD9FE22718D36008ABD69 /* 字面量UITests.xctest */;
			productType = "com.apple.product-type.bundle.ui-testing";
		};
/* End PBXNativeTarget section */

/* Begin PBXProject section */
		046DD9D422718D35008ABD69 /* Project object */ = {
			isa = PBXProject;
			attributes = {
				LastSwiftUpdateCheck = 1010;
				LastUpgradeCheck = 1010;
				ORGANIZATIONNAME = mac;
				TargetAttributes = {
					046DD9DB22718D35008ABD69 = {
						CreatedOnToolsVersion = 10.1;
					};
					046DD9F222718D36008ABD69 = {
						CreatedOnToolsVersion = 10.1;
						TestTargetID = 046DD9DB22718D35008ABD69;
					};
					046DD9FD22718D36008ABD69 = {
						CreatedOnToolsVersion = 10.1;
						TestTargetID = 046DD9DB22718D35008ABD69;
					};
				};
			};
			buildConfigurationList = 046DD9D722718D35008ABD69 /* Build configuration list for PBXProject "字面量" */;
			compatibilityVersion = "Xcode 9.3";
			developmentRegion = en;
			hasScannedForEncodings = 0;
			knownRegions = (
				en,
				Base,
			);
			mainGroup = 046DD9D322718D35008ABD69;
			productRefGroup = 046DD9DD22718D35008ABD69 /* Products */;
			projectDirPath = "";
			projectRoot = "";
			targets = (
				046DD9DB22718D35008ABD69 /* 字面量 */,
				046DD9F222718D36008ABD69 /* 字面量Tests */,
				046DD9FD22718D36008ABD69 /* 字面量UITests */,
			);
		};
/* End PBXProject section */

/* Begin PBXResourcesBuildPhase section */
		046DD9DA22718D35008ABD69 /* Resources */ = {
			isa = PBXResourcesBuildPhase;
			buildActionMask = 2147483647;
			files = (
				046DD9ED22718D36008ABD69 /* LaunchScreen.storyboard in Resources */,
				046DD9EA22718D36008ABD69 /* Assets.xcassets in Resources */,
				046DD9E522718D35008ABD69 /* Main.storyboard in Resources */,
			);
			runOnlyForDeploymentPostprocessing = 0;
		};
		046DD9F122718D36008ABD69 /* Resources */ = {
			isa = PBXResourcesBuildPhase;
			buildActionMask = 2147483647;
			files = (
			);
			runOnlyForDeploymentPostprocessing = 0;
		};
		046DD9FC22718D36008ABD69 /* Resources */ = {
			isa = PBXResourcesBuildPhase;
			buildActionMask = 2147483647;
			files = (
			);
			runOnlyForDeploymentPostprocessing = 0;
		};
/* End PBXResourcesBuildPhase section */

/* Begin PBXSourcesBuildPhase section */
		046DD9D822718D35008ABD69 /* Sources */ = {
			isa = PBXSourcesBuildPhase;
			buildActionMask = 2147483647;
			files = (
				046DD9E222718D35008ABD69 /* ViewController.swift in Sources */,
				046DD9E022718D35008ABD69 /* AppDelegate.swift in Sources */,
				046DD9E822718D35008ABD69 /* ___.xcdatamodeld in Sources */,
			);
			runOnlyForDeploymentPostprocessing = 0;
		};
		046DD9EF22718D36008ABD69 /* Sources */ = {
			isa = PBXSourcesBuildPhase;
			buildActionMask = 2147483647;
			files = (
				046DD9F822718D36008ABD69 /* ___Tests.swift in Sources */,
			);
			runOnlyForDeploymentPostprocessing = 0;
		};
		046DD9FA22718D36008ABD69 /* Sources */ = {
			isa = PBXSourcesBuildPhase;
			buildActionMask = 2147483647;
			files = (
				046DDA0322718D37008ABD69 /* ___UITests.swift in Sources */,
			);
			runOnlyForDeploymentPostprocessing = 0;
		};
/* End PBXSourcesBuildPhase section */

/* Begin PBXTargetDependency section */
		046DD9F522718D36008ABD69 /* PBXTargetDependency */ = {
			isa = PBXTargetDependency;
			target = 046DD9DB22718D35008ABD69 /* 字面量 */;
			targetProxy = 046DD9F422718D36008ABD69 /* PBXContainerItemProxy */;
		};
		046DDA0022718D37008ABD69 /* PBXTargetDependency */ = {
			isa = PBXTargetDependency;
			target = 046DD9DB22718D35008ABD69 /* 字面量 */;
			targetProxy = 046DD9FF22718D37008ABD69 /* PBXContainerItemProxy */;
		};
/* End PBXTargetDependency section */

/* Begin PBXVariantGroup section */
		046DD9E322718D35008ABD69 /* Main.storyboard */ = {
			isa = PBXVariantGroup;
			children = (
				046DD9E422718D35008ABD69 /* Base */,
			);
			name = Main.storyboard;
			sourceTree = "<group>";
		};
		046DD9EB22718D36008ABD69 /* LaunchScreen.storyboard */ = {
			isa = PBXVariantGroup;
			children = (
				046DD9EC22718D36008ABD69 /* Base */,
			);
			name = LaunchScreen.storyboard;
			sourceTree = "<group>";
		};
/* End PBXVariantGroup section */

/* Begin XCBuildConfiguration section */
		046DDA0522718D37008ABD69 /* Debug */ = {
			isa = XCBuildConfiguration;
			buildSettings = {
				ALWAYS_SEARCH_USER_PATHS = NO;
				CLANG_ANALYZER_NONNULL = YES;
				CLANG_ANALYZER_NUMBER_OBJECT_CONVERSION = YES_AGGRESSIVE;
				CLANG_CXX_LANGUAGE_STANDARD = "gnu++14";
				CLANG_CXX_LIBRARY = "libc++";
				CLANG_ENABLE_MODULES = YES;
				CLANG_ENABLE_OBJC_ARC = YES;
				CLANG_ENABLE_OBJC_WEAK = YES;
				CLANG_WARN_BLOCK_CAPTURE_AUTORELEASING = YES;
				CLANG_WARN_BOOL_CONVERSION = YES;
				CLANG_WARN_COMMA = YES;
				CLANG_WARN_CONSTANT_CONVERSION = YES;
				CLANG_WARN_DEPRECATED_OBJC_IMPLEMENTATIONS = YES;
				CLANG_WARN_DIRECT_OBJC_ISA_USAGE = YES_ERROR;
				CLANG_WARN_DOCUMENTATION_COMMENTS = YES;
				CLANG_WARN_EMPTY_BODY = YES;
				CLANG_WARN_ENUM_CONVERSION = YES;
				CLANG_WARN_INFINITE_RECURSION = YES;
				CLANG_WARN_INT_CONVERSION = YES;
				CLANG_WARN_NON_LITERAL_NULL_CONVERSION = YES;
				CLANG_WARN_OBJC_IMPLICIT_RETAIN_SELF = YES;
				CLANG_WARN_OBJC_LITERAL_CONVERSION = YES;
				CLANG_WARN_OBJC_ROOT_CLASS = YES_ERROR;
				CLANG_WARN_RANGE_LOOP_ANALYSIS = YES;
				CLANG_WARN_STRICT_PROTOTYPES = YES;
				CLANG_WARN_SUSPICIOUS_MOVE = YES;
				CLANG_WARN_UNGUARDED_AVAILABILITY = YES_AGGRESSIVE;
				CLANG_WARN_UNREACHABLE_CODE = YES;
				CLANG_WARN__DUPLICATE_METHOD_MATCH = YES;
				CODE_SIGN_IDENTITY = "iPhone Developer";
				COPY_PHASE_STRIP = NO;
				DEBUG_INFORMATION_FORMAT = dwarf;
				ENABLE_STRICT_OBJC_MSGSEND = YES;
				ENABLE_TESTABILITY = YES;
				GCC_C_LANGUAGE_STANDARD = gnu11;
				GCC_DYNAMIC_NO_PIC = NO;
				GCC_NO_COMMON_BLOCKS = YES;
				GCC_OPTIMIZATION_LEVEL = 0;
				GCC_PREPROCESSOR_DEFINITIONS = (
					"DEBUG=1",
					"$(inherited)",
				);
				GCC_WARN_64_TO_32_BIT_CONVERSION = YES;
				GCC_WARN_ABOUT_RETURN_TYPE = YES_ERROR;
				GCC_WARN_UNDECLARED_SELECTOR = YES;
				GCC_WARN_UNINITIALIZED_AUTOS = YES_AGGRESSIVE;
				GCC_WARN_UNUSED_FUNCTION = YES;
				GCC_WARN_UNUSED_VARIABLE = YES;
				IPHONEOS_DEPLOYMENT_TARGET = 12.1;
				MTL_ENABLE_DEBUG_INFO = INCLUDE_SOURCE;
				MTL_FAST_MATH = YES;
				ONLY_ACTIVE_ARCH = YES;
				SDKROOT = iphoneos;
				SWIFT_ACTIVE_COMPILATION_CONDITIONS = DEBUG;
				SWIFT_OPTIMIZATION_LEVEL = "-Onone";
			};
			name = Debug;
		};
		046DDA0622718D37008ABD69 /* Release */ = {
			isa = XCBuildConfiguration;
			buildSettings = {
				ALWAYS_SEARCH_USER_PATHS = NO;
				CLANG_ANALYZER_NONNULL = YES;
				CLANG_ANALYZER_NUMBER_OBJECT_CONVERSION = YES_AGGRESSIVE;
				CLANG_CXX_LANGUAGE_STANDARD = "gnu++14";
				CLANG_CXX_LIBRARY = "libc++";
				CLANG_ENABLE_MODULES = YES;
				CLANG_ENABLE_OBJC_ARC = YES;
				CLANG_ENABLE_OBJC_WEAK = YES;
				CLANG_WARN_BLOCK_CAPTURE_AUTORELEASING = YES;
				CLANG_WARN_BOOL_CONVERSION = YES;
				CLANG_WARN_COMMA = YES;
				CLANG_WARN_CONSTANT_CONVERSION = YES;
				CLANG_WARN_DEPRECATED_OBJC_IMPLEMENTATIONS = YES;
				CLANG_WARN_DIRECT_OBJC_ISA_USAGE = YES_ERROR;
				CLANG_WARN_DOCUMENTATION_COMMENTS = YES;
				CLANG_WARN_EMPTY_BODY = YES;
				CLANG_WARN_ENUM_CONVERSION = YES;
				CLANG_WARN_INFINITE_RECURSION = YES;
				CLANG_WARN_INT_CONVERSION = YES;
				CLANG_WARN_NON_LITERAL_NULL_CONVERSION = YES;
				CLANG_WARN_OBJC_IMPLICIT_RETAIN_SELF = YES;
				CLANG_WARN_OBJC_LITERAL_CONVERSION = YES;
				CLANG_WARN_OBJC_ROOT_CLASS = YES_ERROR;
				CLANG_WARN_RANGE_LOOP_ANALYSIS = YES;
				CLANG_WARN_STRICT_PROTOTYPES = YES;
				CLANG_WARN_SUSPICIOUS_MOVE = YES;
				CLANG_WARN_UNGUARDED_AVAILABILITY = YES_AGGRESSIVE;
				CLANG_WARN_UNREACHABLE_CODE = YES;
				CLANG_WARN__DUPLICATE_METHOD_MATCH = YES;
				CODE_SIGN_IDENTITY = "iPhone Developer";
				COPY_PHASE_STRIP = NO;
				DEBUG_INFORMATION_FORMAT = "dwarf-with-dsym";
				ENABLE_NS_ASSERTIONS = NO;
				ENABLE_STRICT_OBJC_MSGSEND = YES;
				GCC_C_LANGUAGE_STANDARD = gnu11;
				GCC_NO_COMMON_BLOCKS = YES;
				GCC_WARN_64_TO_32_BIT_CONVERSION = YES;
				GCC_WARN_ABOUT_RETURN_TYPE = YES_ERROR;
				GCC_WARN_UNDECLARED_SELECTOR = YES;
				GCC_WARN_UNINITIALIZED_AUTOS = YES_AGGRESSIVE;
				GCC_WARN_UNUSED_FUNCTION = YES;
				GCC_WARN_UNUSED_VARIABLE = YES;
				IPHONEOS_DEPLOYMENT_TARGET = 12.1;
				MTL_ENABLE_DEBUG_INFO = NO;
				MTL_FAST_MATH = YES;
				SDKROOT = iphoneos;
				SWIFT_COMPILATION_MODE = wholemodule;
				SWIFT_OPTIMIZATION_LEVEL = "-O";
				VALIDATE_PRODUCT = YES;
			};
			name = Release;
		};
		046DDA0822718D37008ABD69 /* Debug */ = {
			isa = XCBuildConfiguration;
			buildSettings = {
				ASSETCATALOG_COMPILER_APPICON_NAME = AppIcon;
				CODE_SIGN_STYLE = Automatic;
				INFOPLIST_FILE = "字面量/Info.plist";
				LD_RUNPATH_SEARCH_PATHS = (
					"$(inherited)",
					"@executable_path/Frameworks",
				);
				PRODUCT_BUNDLE_IDENTIFIER = "tang.com.---";
				PRODUCT_NAME = "$(TARGET_NAME)";
				SWIFT_VERSION = 4.2;
				TARGETED_DEVICE_FAMILY = "1,2";
			};
			name = Debug;
		};
		046DDA0922718D37008ABD69 /* Release */ = {
			isa = XCBuildConfiguration;
			buildSettings = {
				ASSETCATALOG_COMPILER_APPICON_NAME = AppIcon;
				CODE_SIGN_STYLE = Automatic;
				INFOPLIST_FILE = "字面量/Info.plist";
				LD_RUNPATH_SEARCH_PATHS = (
					"$(inherited)",
					"@executable_path/Frameworks",
				);
				PRODUCT_BUNDLE_IDENTIFIER = "tang.com.---";
				PRODUCT_NAME = "$(TARGET_NAME)";
				SWIFT_VERSION = 4.2;
				TARGETED_DEVICE_FAMILY = "1,2";
			};
			name = Release;
		};
		046DDA0B22718D37008ABD69 /* Debug */ = {
			isa = XCBuildConfiguration;
			buildSettings = {
				ALWAYS_EMBED_SWIFT_STANDARD_LIBRARIES = YES;
				BUNDLE_LOADER = "$(TEST_HOST)";
				CODE_SIGN_STYLE = Automatic;
				INFOPLIST_FILE = "字面量Tests/Info.plist";
				LD_RUNPATH_SEARCH_PATHS = (
					"$(inherited)",
					"@executable_path/Frameworks",
					"@loader_path/Frameworks",
				);
				PRODUCT_BUNDLE_IDENTIFIER = "tang.com.---Tests";
				PRODUCT_NAME = "$(TARGET_NAME)";
				SWIFT_VERSION = 4.2;
				TARGETED_DEVICE_FAMILY = "1,2";
				TEST_HOST = "$(BUILT_PRODUCTS_DIR)/字面量.app/字面量";
			};
			name = Debug;
		};
		046DDA0C22718D37008ABD69 /* Release */ = {
			isa = XCBuildConfiguration;
			buildSettings = {
				ALWAYS_EMBED_SWIFT_STANDARD_LIBRARIES = YES;
				BUNDLE_LOADER = "$(TEST_HOST)";
				CODE_SIGN_STYLE = Automatic;
				INFOPLIST_FILE = "字面量Tests/Info.plist";
				LD_RUNPATH_SEARCH_PATHS = (
					"$(inherited)",
					"@executable_path/Frameworks",
					"@loader_path/Frameworks",
				);
				PRODUCT_BUNDLE_IDENTIFIER = "tang.com.---Tests";
				PRODUCT_NAME = "$(TARGET_NAME)";
				SWIFT_VERSION = 4.2;
				TARGETED_DEVICE_FAMILY = "1,2";
				TEST_HOST = "$(BUILT_PRODUCTS_DIR)/字面量.app/字面量";
			};
			name = Release;
		};
		046DDA0E22718D37008ABD69 /* Debug */ = {
			isa = XCBuildConfiguration;
			buildSettings = {
				ALWAYS_EMBED_SWIFT_STANDARD_LIBRARIES = YES;
				CODE_SIGN_STYLE = Automatic;
				INFOPLIST_FILE = "字面量UITests/Info.plist";
				LD_RUNPATH_SEARCH_PATHS = (
					"$(inherited)",
					"@executable_path/Frameworks",
					"@loader_path/Frameworks",
				);
				PRODUCT_BUNDLE_IDENTIFIER = "tang.com.---UITests";
				PRODUCT_NAME = "$(TARGET_NAME)";
				SWIFT_VERSION = 4.2;
				TARGETED_DEVICE_FAMILY = "1,2";
				TEST_TARGET_NAME = "字面量";
			};
			name = Debug;
		};
		046DDA0F22718D37008ABD69 /* Release */ = {
			isa = XCBuildConfiguration;
			buildSettings = {
				ALWAYS_EMBED_SWIFT_STANDARD_LIBRARIES = YES;
				CODE_SIGN_STYLE = Automatic;
				INFOPLIST_FILE = "字面量UITests/Info.plist";
				LD_RUNPATH_SEARCH_PATHS = (
					"$(inherited)",
					"@executable_path/Frameworks",
					"@loader_path/Frameworks",
				);
				PRODUCT_BUNDLE_IDENTIFIER = "tang.com.---UITests";
				PRODUCT_NAME = "$(TARGET_NAME)";
				SWIFT_VERSION = 4.2;
				TARGETED_DEVICE_FAMILY = "1,2";
				TEST_TARGET_NAME = "字面量";
			};
			name = Release;
		};
/* End XCBuildConfiguration section */

/* Begin XCConfigurationList section */
		046DD9D722718D35008ABD69 /* Build configuration list for PBXProject "字面量" */ = {
			isa = XCConfigurationList;
			buildConfigurations = (
				046DDA0522718D37008ABD69 /* Debug */,
				046DDA0622718D37008ABD69 /* Release */,
			);
			defaultConfigurationIsVisible = 0;
			defaultConfigurationName = Release;
		};
		046DDA0722718D37008ABD69 /* Build configuration list for PBXNativeTarget "字面量" */ = {
			isa = XCConfigurationList;
			buildConfigurations = (
				046DDA0822718D37008ABD69 /* Debug */,
				046DDA0922718D37008ABD69 /* Release */,
			);
			defaultConfigurationIsVisible = 0;
			defaultConfigurationName = Release;
		};
		046DDA0A22718D37008ABD69 /* Build configuration list for PBXNativeTarget "字面量Tests" */ = {
			isa = XCConfigurationList;
			buildConfigurations = (
				046DDA0B22718D37008ABD69 /* Debug */,
				046DDA0C22718D37008ABD69 /* Release */,
			);
			defaultConfigurationIsVisible = 0;
			defaultConfigurationName = Release;
		};
		046DDA0D22718D37008ABD69 /* Build configuration list for PBXNativeTarget "字面量UITests" */ = {
			isa = XCConfigurationList;
			buildConfigurations = (
				046DDA0E22718D37008ABD69 /* Debug */,
				046DDA0F22718D37008ABD69 /* Release */,
			);
			defaultConfigurationIsVisible = 0;
			defaultConfigurationName = Release;
		};
/* End XCConfigurationList section */

/* Begin XCVersionGroup section */
		046DD9E622718D35008ABD69 /* ___.xcdatamodeld */ = {
			isa = XCVersionGroup;
			children = (
				046DD9E722718D35008ABD69 /* ___.xcdatamodel */,
			);
			currentVersion = 046DD9E722718D35008ABD69 /* ___.xcdatamodel */;
			path = "___.xcdatamodeld";
			sourceTree = "<group>";
			versionGroupType = wrapper.xcdatamodel;
		};
/* End XCVersionGroup section */
	};
	rootObject = 046DD9D422718D35008ABD69 /* Project object */;
}
